
Microsoft Visual Studio Solution File, Format Version 12.00
# Visual Studio Version 17
VisualStudioVersion = 17.13.35818.85 d17.13
MinimumVisualStudioVersion = 10.0.40219.1
Project("{FAE04EC0-301F-11D3-BF4B-00C04F79EFBC}") = "l3_1", "l3_1.csproj", "{D0E66399-E293-41F7-B605-99611642B4DB}"
EndProject
Global
	GlobalSection(SolutionConfigurationPlatforms) = preSolution
		Debug|Any CPU = Debug|Any CPU
		Release|Any CPU = Release|Any CPU
	EndGlobalSection
	GlobalSection(ProjectConfigurationPlatforms) = postSolution
		{D0E66399-E293-41F7-B605-99611642B4DB}.Debug|Any CPU.ActiveCfg = Debug|Any CPU
		{D0E66399-E293-41F7-B605-99611642B4DB}.Debug|Any CPU.Build.0 = Debug|Any CPU
		{D0E66399-E293-41F7-B605-99611642B4DB}.Release|Any CPU.ActiveCfg = Release|Any CPU
		{D0E66399-E293-41F7-B605-99611642B4DB}.Release|Any CPU.Build.0 = Release|Any CPU
	EndGlobalSection
	GlobalSection(SolutionProperties) = preSolution
		HideSolutionNode = FALSE
	EndGlobalSection
	GlobalSection(ExtensibilityGlobals) = postSolution
		SolutionGuid = {F588CD2F-F184-4ACE-AE05-E552FF6A20BD}
	EndGlobalSection
EndGlobal
