
Microsoft Visual Studio Solution File, Format Version 12.00
# Visual Studio Version 17
VisualStudioVersion = 17.13.35818.85 d17.13
MinimumVisualStudioVersion = 10.0.40219.1
Project("{FAE04EC0-301F-11D3-BF4B-00C04F79EFBC}") = "lab2", "lab2.csproj", "{CE3E3B50-C50A-4B22-8229-0429C13FE4D7}"
EndProject
Global
	GlobalSection(SolutionConfigurationPlatforms) = preSolution
		Debug|Any CPU = Debug|Any CPU
		Release|Any CPU = Release|Any CPU
	EndGlobalSection
	GlobalSection(ProjectConfigurationPlatforms) = postSolution
		{CE3E3B50-C50A-4B22-8229-0429C13FE4D7}.Debug|Any CPU.ActiveCfg = Debug|Any CPU
		{CE3E3B50-C50A-4B22-8229-0429C13FE4D7}.Debug|Any CPU.Build.0 = Debug|Any CPU
		{CE3E3B50-C50A-4B22-8229-0429C13FE4D7}.Release|Any CPU.ActiveCfg = Release|Any CPU
		{CE3E3B50-C50A-4B22-8229-0429C13FE4D7}.Release|Any CPU.Build.0 = Release|Any CPU
	EndGlobalSection
	GlobalSection(SolutionProperties) = preSolution
		HideSolutionNode = FALSE
	EndGlobalSection
	GlobalSection(ExtensibilityGlobals) = postSolution
		SolutionGuid = {A3A69AB6-407D-44D6-A3A0-CCD50BDE7491}
	EndGlobalSection
EndGlobal
